Microsoft Visual Studio Solution File, Format Version 12.00
# Visual Studio Version 18
VisualStudioVersion = 18.1.11312.151 d18.0
MinimumVisualStudioVersion = 10.0.40219.1
Project("{FAE04EC0-301F-11D3-BF4B-00C04F79EFBC}") = "BettingSlip.Service", "Admiral.ShopManagement.Service\BettingSlip.Service.csproj", "{47126923-5FAD-2176-50DA-3DD2FB86961F}"
EndProject
Global
	GlobalSection(SolutionConfigurationPlatforms) = preSolution
		Debug|Any CPU = Debug|Any CPU
		Release|Any CPU = Release|Any CPU
	EndGlobalSection
	GlobalSection(ProjectConfigurationPlatforms) = postSolution
		{47126923-5FAD-2176-50DA-3DD2FB86961F}.Debug|Any CPU.ActiveCfg = Debug|Any CPU
		{47126923-5FAD-2176-50DA-3DD2FB86961F}.Debug|Any CPU.Build.0 = Debug|Any CPU
		{47126923-5FAD-2176-50DA-3DD2FB86961F}.Release|Any CPU.ActiveCfg = Release|Any CPU
		{47126923-5FAD-2176-50DA-3DD2FB86961F}.Release|Any CPU.Build.0 = Release|Any CPU
	EndGlobalSection
	GlobalSection(SolutionProperties) = preSolution
		HideSolutionNode = FALSE
	EndGlobalSection
	GlobalSection(ExtensibilityGlobals) = postSolution
		SolutionGuid = {936F5AE6-E8C7-48C8-AC3A-79EF650B61FD}
	EndGlobalSection
EndGlobal
